
Microsoft Visual Studio Solution File, Format Version 12.00
# Visual Studio Version 17
VisualStudioVersion = 17.13.35931.197 d17.13
MinimumVisualStudioVersion = 10.0.40219.1
Project("{FAE04EC0-301F-11D3-BF4B-00C04F79EFBC}") = "GoodBurguer", "GoodBurguer\GoodBurguer.csproj", "{D09C98CD-844F-46D9-985A-0C9A34BF6846}"
EndProject
Global
	GlobalSection(SolutionConfigurationPlatforms) = preSolution
		Debug|Any CPU = Debug|Any CPU
		Release|Any CPU = Release|Any CPU
	EndGlobalSection
	GlobalSection(ProjectConfigurationPlatforms) = postSolution
		{D09C98CD-844F-46D9-985A-0C9A34BF6846}.Debug|Any CPU.ActiveCfg = Debug|Any CPU
		{D09C98CD-844F-46D9-985A-0C9A34BF6846}.Debug|Any CPU.Build.0 = Debug|Any CPU
		{D09C98CD-844F-46D9-985A-0C9A34BF6846}.Release|Any CPU.ActiveCfg = Release|Any CPU
		{D09C98CD-844F-46D9-985A-0C9A34BF6846}.Release|Any CPU.Build.0 = Release|Any CPU
	EndGlobalSection
	GlobalSection(SolutionProperties) = preSolution
		HideSolutionNode = FALSE
	EndGlobalSection
	GlobalSection(ExtensibilityGlobals) = postSolution
		SolutionGuid = {A6A5D078-F8C7-453E-A0DB-C1061A6C536C}
	EndGlobalSection
EndGlobal
